
Microsoft Visual Studio Solution File, Format Version 12.00
# Visual Studio Version 16
VisualStudioVersion = 16.0.29728.190
MinimumVisualStudioVersion = 10.0.40219.1
Project("{FAE04EC0-301F-11D3-BF4B-00C04F79EFBC}") = "TernaryNAccessModifiers", "TernaryNAccessModifiers\TernaryNAccessModifiers.csproj", "{A1B599A2-2025-4EB5-B44A-7BCFA9EB4065}"
EndProject
Project("{FAE04EC0-301F-11D3-BF4B-00C04F79EFBC}") = "SalesLibrary", "SalesLibrary\SalesLibrary.csproj", "{12879991-5724-4604-B016-AB477B53361C}"
EndProject
Global
	GlobalSection(SolutionConfigurationPlatforms) = preSolution
		Debug|Any CPU = Debug|Any CPU
		Release|Any CPU = Release|Any CPU
	EndGlobalSection
	GlobalSection(ProjectConfigurationPlatforms) = postSolution
		{A1B599A2-2025-4EB5-B44A-7BCFA9EB4065}.Debug|Any CPU.ActiveCfg = Debug|Any CPU
		{A1B599A2-2025-4EB5-B44A-7BCFA9EB4065}.Debug|Any CPU.Build.0 = Debug|Any CPU
		{A1B599A2-2025-4EB5-B44A-7BCFA9EB4065}.Release|Any CPU.ActiveCfg = Release|Any CPU
		{A1B599A2-2025-4EB5-B44A-7BCFA9EB4065}.Release|Any CPU.Build.0 = Release|Any CPU
		{12879991-5724-4604-B016-AB477B53361C}.Debug|Any CPU.ActiveCfg = Debug|Any CPU
		{12879991-5724-4604-B016-AB477B53361C}.Debug|Any CPU.Build.0 = Debug|Any CPU
		{12879991-5724-4604-B016-AB477B53361C}.Release|Any CPU.ActiveCfg = Release|Any CPU
		{12879991-5724-4604-B016-AB477B53361C}.Release|Any CPU.Build.0 = Release|Any CPU
	EndGlobalSection
	GlobalSection(SolutionProperties) = preSolution
		HideSolutionNode = FALSE
	EndGlobalSection
	GlobalSection(ExtensibilityGlobals) = postSolution
		SolutionGuid = {3D66C96D-50AC-49DE-92D5-516880977D3F}
	EndGlobalSection
EndGlobal
